
Microsoft Visual Studio Solution File, Format Version 12.00
# Visual Studio Version 16
VisualStudioVersion = 16.0.30621.155
MinimumVisualStudioVersion = 10.0.40219.1
Project("{2150E333-8FDC-42A3-9474-1A3956D46DE8}") = "CleanArch.Application", "CleanArch.Application", "{9C71FD5B-30C1-433F-A9BC-EB91915BB0A5}"
EndProject
Project("{2150E333-8FDC-42A3-9474-1A3956D46DE8}") = "CleanArch.Domain", "CleanArch.Domain", "{529F79C2-45B4-474F-9917-AEF0B04EB6D8}"
EndProject
Project("{2150E333-8FDC-42A3-9474-1A3956D46DE8}") = "CleanArch.Infra.IoC", "CleanArch.Infra.IoC", "{F814065F-D61F-4D2A-91F1-E242FB0EEA34}"
EndProject
Project("{2150E333-8FDC-42A3-9474-1A3956D46DE8}") = "cleanArch.Infra.Data", "cleanArch.Infra.Data", "{037BB5D1-4B13-4E69-8E18-60AC9CD32124}"
EndProject
Project("{2150E333-8FDC-42A3-9474-1A3956D46DE8}") = "CleanArch.UI.Mvc", "CleanArch.UI.Mvc", "{B42CFACA-ECAF-4798-99E4-4BC4D226B98C}"
EndProject
Global
	GlobalSection(SolutionProperties) = preSolution
		HideSolutionNode = FALSE
	EndGlobalSection
	GlobalSection(ExtensibilityGlobals) = postSolution
		SolutionGuid = {B7E2F2DC-7967-47AC-94BF-159604376EED}
	EndGlobalSection
EndGlobal
